
Microsoft Visual Studio Solution File, Format Version 12.00
# Visual Studio 15
VisualStudioVersion = 15.0.28010.2048
MinimumVisualStudioVersion = 10.0.40219.1
Project("{FAE04EC0-301F-11D3-BF4B-00C04F79EFBC}") = "BLL", "BLL\BLL.csproj", "{CF1E097D-B0DD-464B-84A4-B837892953E5}"
EndProject
Project("{FAE04EC0-301F-11D3-BF4B-00C04F79EFBC}") = "DAL", "DAL\DAL.csproj", "{B37DA494-E7DC-4687-A138-4755678D1208}"
EndProject
Project("{FAE04EC0-301F-11D3-BF4B-00C04F79EFBC}") = "PL", "PL\PL.csproj", "{B66324C8-F493-4E35-871C-904436E1BF55}"
EndProject
Project("{2150E333-8FDC-42A3-9474-1A3956D46DE8}") = "SQL Scripts", "SQL Scripts", "{33B2409C-78A9-4A02-A853-E992D479B99B}"
	ProjectSection(SolutionItems) = preProject
		SqlQuery_1.sql = SqlQuery_1.sql
	EndProjectSection
EndProject
Global
	GlobalSection(SolutionConfigurationPlatforms) = preSolution
		Debug|Any CPU = Debug|Any CPU
		Release|Any CPU = Release|Any CPU
	EndGlobalSection
	GlobalSection(ProjectConfigurationPlatforms) = postSolution
		{CF1E097D-B0DD-464B-84A4-B837892953E5}.Debug|Any CPU.ActiveCfg = Debug|Any CPU
		{CF1E097D-B0DD-464B-84A4-B837892953E5}.Debug|Any CPU.Build.0 = Debug|Any CPU
		{CF1E097D-B0DD-464B-84A4-B837892953E5}.Release|Any CPU.ActiveCfg = Release|Any CPU
		{CF1E097D-B0DD-464B-84A4-B837892953E5}.Release|Any CPU.Build.0 = Release|Any CPU
		{B37DA494-E7DC-4687-A138-4755678D1208}.Debug|Any CPU.ActiveCfg = Debug|Any CPU
		{B37DA494-E7DC-4687-A138-4755678D1208}.Debug|Any CPU.Build.0 = Debug|Any CPU
		{B37DA494-E7DC-4687-A138-4755678D1208}.Release|Any CPU.ActiveCfg = Release|Any CPU
		{B37DA494-E7DC-4687-A138-4755678D1208}.Release|Any CPU.Build.0 = Release|Any CPU
		{B66324C8-F493-4E35-871C-904436E1BF55}.Debug|Any CPU.ActiveCfg = Debug|Any CPU
		{B66324C8-F493-4E35-871C-904436E1BF55}.Debug|Any CPU.Build.0 = Debug|Any CPU
		{B66324C8-F493-4E35-871C-904436E1BF55}.Release|Any CPU.ActiveCfg = Release|Any CPU
		{B66324C8-F493-4E35-871C-904436E1BF55}.Release|Any CPU.Build.0 = Release|Any CPU
	EndGlobalSection
	GlobalSection(SolutionProperties) = preSolution
		HideSolutionNode = FALSE
	EndGlobalSection
	GlobalSection(ExtensibilityGlobals) = postSolution
		SolutionGuid = {4B4FB409-9629-47F5-9ACE-B8B50FC1D033}
	EndGlobalSection
EndGlobal
